
Microsoft Visual Studio Solution File, Format Version 12.00
# Visual Studio Version 17
VisualStudioVersion = 17.0.31903.59
MinimumVisualStudioVersion = 10.0.40219.1
Project("{9A19103F-16F7-4668-BE54-9A1E7A4F7556}") = "ChatApp.API", "ChatApp.API\ChatApp.API.csproj", "{63C8FC2D-F973-453F-95F7-90FE73B4D5CD}"
EndProject
Project("{9A19103F-16F7-4668-BE54-9A1E7A4F7556}") = "ChatApp.Core", "ChatApp.Core\ChatApp.Core.csproj", "{F48CB9E4-D143-4B32-B03D-B45434D90E0D}"
EndProject
Project("{9A19103F-16F7-4668-BE54-9A1E7A4F7556}") = "ChatApp.Services", "ChatApp.Services\ChatApp.Services.csproj", "{CF55ABF8-4406-49F7-82BB-16D5BEB7D049}"
EndProject
Project("{9A19103F-16F7-4668-BE54-9A1E7A4F7556}") = "ChatApp.BlazorServer", "ChatApp.BlazorServer\ChatApp.BlazorServer.csproj", "{B82AA51D-C5D7-441C-945E-283C52E9BE7E}"
EndProject
Project("{9A19103F-16F7-4668-BE54-9A1E7A4F7556}") = "ChatApp.DTO", "ChatApp.DTO\ChatApp.DTO.csproj", "{0DDE6A81-CD0E-440B-A158-02E8376108FE}"
EndProject
Project("{9A19103F-16F7-4668-BE54-9A1E7A4F7556}") = "ChatApp.DAL.Identity", "ChatApp.DAL.Identity\ChatApp.DAL.Identity.csproj", "{ACA7F74C-94B5-4DBB-8F54-383F50F75538}"
EndProject
Project("{9A19103F-16F7-4668-BE54-9A1E7A4F7556}") = "ChatApp.DAL.App", "ChatApp.DAL.App\ChatApp.DAL.App.csproj", "{C2AC70DB-655E-47DA-8B59-50A4988531B4}"
EndProject
Project("{00D1A9C2-B5F0-4AF3-8072-F6C62B433612}") = "ChatApp.Database", "ChatApp.Database\ChatApp.Database.sqlproj", "{40A0717A-BF2A-4924-9462-FF6F3E1F21B8}"
EndProject
Global
	GlobalSection(SolutionConfigurationPlatforms) = preSolution
		Debug|Any CPU = Debug|Any CPU
		Release|Any CPU = Release|Any CPU
	EndGlobalSection
	GlobalSection(ProjectConfigurationPlatforms) = postSolution
		{63C8FC2D-F973-453F-95F7-90FE73B4D5CD}.Debug|Any CPU.ActiveCfg = Debug|Any CPU
		{63C8FC2D-F973-453F-95F7-90FE73B4D5CD}.Debug|Any CPU.Build.0 = Debug|Any CPU
		{63C8FC2D-F973-453F-95F7-90FE73B4D5CD}.Release|Any CPU.ActiveCfg = Release|Any CPU
		{63C8FC2D-F973-453F-95F7-90FE73B4D5CD}.Release|Any CPU.Build.0 = Release|Any CPU
		{F48CB9E4-D143-4B32-B03D-B45434D90E0D}.Debug|Any CPU.ActiveCfg = Debug|Any CPU
		{F48CB9E4-D143-4B32-B03D-B45434D90E0D}.Debug|Any CPU.Build.0 = Debug|Any CPU
		{F48CB9E4-D143-4B32-B03D-B45434D90E0D}.Release|Any CPU.ActiveCfg = Release|Any CPU
		{F48CB9E4-D143-4B32-B03D-B45434D90E0D}.Release|Any CPU.Build.0 = Release|Any CPU
		{CF55ABF8-4406-49F7-82BB-16D5BEB7D049}.Debug|Any CPU.ActiveCfg = Debug|Any CPU
		{CF55ABF8-4406-49F7-82BB-16D5BEB7D049}.Debug|Any CPU.Build.0 = Debug|Any CPU
		{CF55ABF8-4406-49F7-82BB-16D5BEB7D049}.Release|Any CPU.ActiveCfg = Release|Any CPU
		{CF55ABF8-4406-49F7-82BB-16D5BEB7D049}.Release|Any CPU.Build.0 = Release|Any CPU
		{B82AA51D-C5D7-441C-945E-283C52E9BE7E}.Debug|Any CPU.ActiveCfg = Debug|Any CPU
		{B82AA51D-C5D7-441C-945E-283C52E9BE7E}.Debug|Any CPU.Build.0 = Debug|Any CPU
		{B82AA51D-C5D7-441C-945E-283C52E9BE7E}.Release|Any CPU.ActiveCfg = Release|Any CPU
		{B82AA51D-C5D7-441C-945E-283C52E9BE7E}.Release|Any CPU.Build.0 = Release|Any CPU
		{0DDE6A81-CD0E-440B-A158-02E8376108FE}.Debug|Any CPU.ActiveCfg = Debug|Any CPU
		{0DDE6A81-CD0E-440B-A158-02E8376108FE}.Debug|Any CPU.Build.0 = Debug|Any CPU
		{0DDE6A81-CD0E-440B-A158-02E8376108FE}.Release|Any CPU.ActiveCfg = Release|Any CPU
		{0DDE6A81-CD0E-440B-A158-02E8376108FE}.Release|Any CPU.Build.0 = Release|Any CPU
		{ACA7F74C-94B5-4DBB-8F54-383F50F75538}.Debug|Any CPU.ActiveCfg = Debug|Any CPU
		{ACA7F74C-94B5-4DBB-8F54-383F50F75538}.Debug|Any CPU.Build.0 = Debug|Any CPU
		{ACA7F74C-94B5-4DBB-8F54-383F50F75538}.Release|Any CPU.ActiveCfg = Release|Any CPU
		{ACA7F74C-94B5-4DBB-8F54-383F50F75538}.Release|Any CPU.Build.0 = Release|Any CPU
		{C2AC70DB-655E-47DA-8B59-50A4988531B4}.Debug|Any CPU.ActiveCfg = Debug|Any CPU
		{C2AC70DB-655E-47DA-8B59-50A4988531B4}.Debug|Any CPU.Build.0 = Debug|Any CPU
		{C2AC70DB-655E-47DA-8B59-50A4988531B4}.Release|Any CPU.ActiveCfg = Release|Any CPU
		{C2AC70DB-655E-47DA-8B59-50A4988531B4}.Release|Any CPU.Build.0 = Release|Any CPU
		{40A0717A-BF2A-4924-9462-FF6F3E1F21B8}.Debug|Any CPU.ActiveCfg = Debug|Any CPU
		{40A0717A-BF2A-4924-9462-FF6F3E1F21B8}.Debug|Any CPU.Build.0 = Debug|Any CPU
		{40A0717A-BF2A-4924-9462-FF6F3E1F21B8}.Debug|Any CPU.Deploy.0 = Debug|Any CPU
		{40A0717A-BF2A-4924-9462-FF6F3E1F21B8}.Release|Any CPU.ActiveCfg = Release|Any CPU
		{40A0717A-BF2A-4924-9462-FF6F3E1F21B8}.Release|Any CPU.Build.0 = Release|Any CPU
		{40A0717A-BF2A-4924-9462-FF6F3E1F21B8}.Release|Any CPU.Deploy.0 = Release|Any CPU
	EndGlobalSection
	GlobalSection(SolutionProperties) = preSolution
		HideSolutionNode = FALSE
	EndGlobalSection
EndGlobal
